// !$*UTF8*$!
{
	archiveVersion = 1;
	classes = {
	};
	objectVersion = 45;
	objects = {

/* Begin PBXAggregateTarget section */
		D0F4848A0F4CC03500160DD9 /* Documentation */ = {
			isa = PBXAggregateTarget;
			buildConfigurationList = D0F4848D0F4CC05300160DD9 /* Build configuration list for PBXAggregateTarget "Documentation" */;
			buildPhases = (
				D0F484890F4CC03500160DD9 /* Generate and Install docs */,
				D0315F340F4CFA8600AEFEB7 /* Cleanup doc info */,
			);
			dependencies = (
			);
			name = Documentation;
			productName = Documentation;
		};
/* End PBXAggregateTarget section */

/* Begin PBXBuildFile section */
		D02988310F3F7BCE00EC8C01 /* HTTPRiotRequest.h in Headers */ = {isa = PBXBuildFile; fileRef = D09E4B350F33EB0E00C9E26E /* HTTPRiotRequest.h */; settings = {ATTRIBUTES = (Private, ); }; };
		D02988640F3F7F1200EC8C01 /* HTTPRiot_Prefix.pch in Headers */ = {isa = PBXBuildFile; fileRef = D02988630F3F7F1200EC8C01 /* HTTPRiot_Prefix.pch */; };
		D02988FF0F3FB63F00EC8C01 /* HTTPRiotConstants.h in Headers */ = {isa = PBXBuildFile; fileRef = D02988FE0F3FB63F00EC8C01 /* HTTPRiotConstants.h */; settings = {ATTRIBUTES = (Private, ); }; };
		D02989390F3FBEDC00EC8C01 /* NSData+Base64.h in Headers */ = {isa = PBXBuildFile; fileRef = D02989310F3FBEDC00EC8C01 /* NSData+Base64.h */; };
		D029893A0F3FBEDC00EC8C01 /* NSData+Base64.m in Sources */ = {isa = PBXBuildFile; fileRef = D02989320F3FBEDC00EC8C01 /* NSData+Base64.m */; };
		D029893B0F3FBEDC00EC8C01 /* NSDictionary+URI.h in Headers */ = {isa = PBXBuildFile; fileRef = D02989330F3FBEDC00EC8C01 /* NSDictionary+URI.h */; };
		D029893C0F3FBEDC00EC8C01 /* NSDictionary+URI.m in Sources */ = {isa = PBXBuildFile; fileRef = D02989340F3FBEDC00EC8C01 /* NSDictionary+URI.m */; };
		D029893F0F3FBEDC00EC8C01 /* NSString+URI.h in Headers */ = {isa = PBXBuildFile; fileRef = D02989370F3FBEDC00EC8C01 /* NSString+URI.h */; };
		D02989400F3FBEDC00EC8C01 /* NSString+URI.m in Sources */ = {isa = PBXBuildFile; fileRef = D02989380F3FBEDC00EC8C01 /* NSString+URI.m */; };
		D0298A2B0F3FCA8800EC8C01 /* HTTPRiotFormatterProtocol.h in Headers */ = {isa = PBXBuildFile; fileRef = D0298A280F3FCA8800EC8C01 /* HTTPRiotFormatterProtocol.h */; };
		D0298A300F3FF4FD00EC8C01 /* HTTPRiotFormatJSON.h in Headers */ = {isa = PBXBuildFile; fileRef = D0298A2D0F3FF4FD00EC8C01 /* HTTPRiotFormatJSON.h */; };
		D0298A310F3FF4FD00EC8C01 /* HTTPRiotFormatJSON.m in Sources */ = {isa = PBXBuildFile; fileRef = D0298A2E0F3FF4FD00EC8C01 /* HTTPRiotFormatJSON.m */; };
		D0298A350F3FF50800EC8C01 /* HTTPRiotFormatXML.h in Headers */ = {isa = PBXBuildFile; fileRef = D0298A320F3FF50800EC8C01 /* HTTPRiotFormatXML.h */; };
		D0298A360F3FF50800EC8C01 /* HTTPRiotFormatXML.m in Sources */ = {isa = PBXBuildFile; fileRef = D0298A330F3FF50800EC8C01 /* HTTPRiotFormatXML.m */; };
		D0298A8D0F3FFF2E00EC8C01 /* JSON.h in Headers */ = {isa = PBXBuildFile; fileRef = D0298A810F3FFF2E00EC8C01 /* JSON.h */; };
		D0298A8E0F3FFF2E00EC8C01 /* NSObject+SBJSON.h in Headers */ = {isa = PBXBuildFile; fileRef = D0298A820F3FFF2E00EC8C01 /* NSObject+SBJSON.h */; };
		D0298A8F0F3FFF2E00EC8C01 /* NSObject+SBJSON.m in Sources */ = {isa = PBXBuildFile; fileRef = D0298A830F3FFF2E00EC8C01 /* NSObject+SBJSON.m */; };
		D0298A900F3FFF2E00EC8C01 /* NSString+SBJSON.h in Headers */ = {isa = PBXBuildFile; fileRef = D0298A840F3FFF2E00EC8C01 /* NSString+SBJSON.h */; };
		D0298A910F3FFF2E00EC8C01 /* NSString+SBJSON.m in Sources */ = {isa = PBXBuildFile; fileRef = D0298A850F3FFF2E00EC8C01 /* NSString+SBJSON.m */; };
		D0298A920F3FFF2E00EC8C01 /* SBJSON.h in Headers */ = {isa = PBXBuildFile; fileRef = D0298A860F3FFF2E00EC8C01 /* SBJSON.h */; };
		D0298A930F3FFF2E00EC8C01 /* SBJSON.m in Sources */ = {isa = PBXBuildFile; fileRef = D0298A870F3FFF2E00EC8C01 /* SBJSON.m */; };
		D0298A940F3FFF2E00EC8C01 /* JSON.h in Headers */ = {isa = PBXBuildFile; fileRef = D0298A810F3FFF2E00EC8C01 /* JSON.h */; settings = {ATTRIBUTES = (Private, ); }; };
		D0298A950F3FFF2E00EC8C01 /* NSObject+SBJSON.h in Headers */ = {isa = PBXBuildFile; fileRef = D0298A820F3FFF2E00EC8C01 /* NSObject+SBJSON.h */; settings = {ATTRIBUTES = (Private, ); }; };
		D0298A960F3FFF2E00EC8C01 /* NSObject+SBJSON.m in Sources */ = {isa = PBXBuildFile; fileRef = D0298A830F3FFF2E00EC8C01 /* NSObject+SBJSON.m */; };
		D0298A970F3FFF2E00EC8C01 /* NSString+SBJSON.h in Headers */ = {isa = PBXBuildFile; fileRef = D0298A840F3FFF2E00EC8C01 /* NSString+SBJSON.h */; settings = {ATTRIBUTES = (Private, ); }; };
		D0298A980F3FFF2E00EC8C01 /* NSString+SBJSON.m in Sources */ = {isa = PBXBuildFile; fileRef = D0298A850F3FFF2E00EC8C01 /* NSString+SBJSON.m */; };
		D0298A990F3FFF2E00EC8C01 /* SBJSON.h in Headers */ = {isa = PBXBuildFile; fileRef = D0298A860F3FFF2E00EC8C01 /* SBJSON.h */; settings = {ATTRIBUTES = (Private, ); }; };
		D0298A9A0F3FFF2E00EC8C01 /* SBJSON.m in Sources */ = {isa = PBXBuildFile; fileRef = D0298A870F3FFF2E00EC8C01 /* SBJSON.m */; };
		D0298B710F40EEB500EC8C01 /* HTTPRiot.framework in Frameworks */ = {isa = PBXBuildFile; fileRef = 8DC2EF5B0486A6940098B216 /* HTTPRiot.framework */; };
		D02990290F433C1800EC8C01 /* HTTPRiotRequestTest.m in Sources */ = {isa = PBXBuildFile; fileRef = D02990280F433C1800EC8C01 /* HTTPRiotRequestTest.m */; };
		D029906B0F43422E00EC8C01 /* HTTPRiotTestHelper.m in Sources */ = {isa = PBXBuildFile; fileRef = D029906A0F43422E00EC8C01 /* HTTPRiotTestHelper.m */; };
		D03DB6660F3163BB00F18796 /* HTTPRiot.h in Headers */ = {isa = PBXBuildFile; fileRef = D03DB6650F3163BB00F18796 /* HTTPRiot.h */; settings = {ATTRIBUTES = (Public, ); }; };
		D03DB66C0F31654200F18796 /* HTTPRiotRestModel.h in Headers */ = {isa = PBXBuildFile; fileRef = D03DB66A0F31654200F18796 /* HTTPRiotRestModel.h */; settings = {ATTRIBUTES = (Private, ); }; };
		D03DB66D0F31654200F18796 /* HTTPRiotRestModel.m in Sources */ = {isa = PBXBuildFile; fileRef = D03DB66B0F31654200F18796 /* HTTPRiotRestModel.m */; };
		D04EF1110F65C50A003C6240 /* AIXMLDocumentSerialize.h in Headers */ = {isa = PBXBuildFile; fileRef = D04EF10C0F65C50A003C6240 /* AIXMLDocumentSerialize.h */; };
		D04EF1120F65C50A003C6240 /* AIXMLDocumentSerialize.m in Sources */ = {isa = PBXBuildFile; fileRef = D04EF10D0F65C50A003C6240 /* AIXMLDocumentSerialize.m */; };
		D04EF1130F65C50A003C6240 /* AIXMLElementSerialize.h in Headers */ = {isa = PBXBuildFile; fileRef = D04EF10E0F65C50A003C6240 /* AIXMLElementSerialize.h */; };
		D04EF1140F65C50A003C6240 /* AIXMLElementSerialize.m in Sources */ = {isa = PBXBuildFile; fileRef = D04EF10F0F65C50A003C6240 /* AIXMLElementSerialize.m */; };
		D04EF1150F65C50A003C6240 /* AIXMLSerialization.h in Headers */ = {isa = PBXBuildFile; fileRef = D04EF1100F65C50A003C6240 /* AIXMLSerialization.h */; };
		D04EF1160F65C50A003C6240 /* AIXMLDocumentSerialize.h in Headers */ = {isa = PBXBuildFile; fileRef = D04EF10C0F65C50A003C6240 /* AIXMLDocumentSerialize.h */; };
		D04EF1170F65C50A003C6240 /* AIXMLDocumentSerialize.m in Sources */ = {isa = PBXBuildFile; fileRef = D04EF10D0F65C50A003C6240 /* AIXMLDocumentSerialize.m */; };
		D04EF1180F65C50A003C6240 /* AIXMLElementSerialize.h in Headers */ = {isa = PBXBuildFile; fileRef = D04EF10E0F65C50A003C6240 /* AIXMLElementSerialize.h */; };
		D04EF1190F65C50A003C6240 /* AIXMLElementSerialize.m in Sources */ = {isa = PBXBuildFile; fileRef = D04EF10F0F65C50A003C6240 /* AIXMLElementSerialize.m */; };
		D04EF11A0F65C50A003C6240 /* AIXMLSerialization.h in Headers */ = {isa = PBXBuildFile; fileRef = D04EF1100F65C50A003C6240 /* AIXMLSerialization.h */; };
		D04EF12D0F65C52D003C6240 /* DDXML.h in Headers */ = {isa = PBXBuildFile; fileRef = D04EF1210F65C52D003C6240 /* DDXML.h */; };
		D04EF12E0F65C52D003C6240 /* DDXMLDocument.h in Headers */ = {isa = PBXBuildFile; fileRef = D04EF1220F65C52D003C6240 /* DDXMLDocument.h */; };
		D04EF12F0F65C52D003C6240 /* DDXMLDocument.m in Sources */ = {isa = PBXBuildFile; fileRef = D04EF1230F65C52D003C6240 /* DDXMLDocument.m */; };
		D04EF1300F65C52D003C6240 /* DDXMLElement.h in Headers */ = {isa = PBXBuildFile; fileRef = D04EF1240F65C52D003C6240 /* DDXMLElement.h */; };
		D04EF1310F65C52D003C6240 /* DDXMLElement.m in Sources */ = {isa = PBXBuildFile; fileRef = D04EF1250F65C52D003C6240 /* DDXMLElement.m */; };
		D04EF1320F65C52D003C6240 /* DDXMLElementAdditions.h in Headers */ = {isa = PBXBuildFile; fileRef = D04EF1260F65C52D003C6240 /* DDXMLElementAdditions.h */; };
		D04EF1330F65C52D003C6240 /* DDXMLElementAdditions.m in Sources */ = {isa = PBXBuildFile; fileRef = D04EF1270F65C52D003C6240 /* DDXMLElementAdditions.m */; };
		D04EF1340F65C52D003C6240 /* DDXMLNode.h in Headers */ = {isa = PBXBuildFile; fileRef = D04EF1280F65C52D003C6240 /* DDXMLNode.h */; };
		D04EF1350F65C52D003C6240 /* DDXMLNode.m in Sources */ = {isa = PBXBuildFile; fileRef = D04EF1290F65C52D003C6240 /* DDXMLNode.m */; };
		D04EF1360F65C52D003C6240 /* DDXMLPrivate.h in Headers */ = {isa = PBXBuildFile; fileRef = D04EF12A0F65C52D003C6240 /* DDXMLPrivate.h */; };
		D04EF1370F65C52D003C6240 /* NSStringAdditions.h in Headers */ = {isa = PBXBuildFile; fileRef = D04EF12B0F65C52D003C6240 /* NSStringAdditions.h */; };
		D04EF1380F65C52D003C6240 /* NSStringAdditions.m in Sources */ = {isa = PBXBuildFile; fileRef = D04EF12C0F65C52D003C6240 /* NSStringAdditions.m */; };
		D07744840F4885A700190554 /* HTTPRiotRestModel.h in Headers */ = {isa = PBXBuildFile; fileRef = D03DB66A0F31654200F18796 /* HTTPRiotRestModel.h */; settings = {ATTRIBUTES = (Private, ); }; };
		D07744850F4885AE00190554 /* HTTPRiotRestModel.m in Sources */ = {isa = PBXBuildFile; fileRef = D03DB66B0F31654200F18796 /* HTTPRiotRestModel.m */; };
		D07744860F4885DA00190554 /* HTTPRiotFormatJSON.m in Sources */ = {isa = PBXBuildFile; fileRef = D0298A2E0F3FF4FD00EC8C01 /* HTTPRiotFormatJSON.m */; };
		D07744870F4885DA00190554 /* HTTPRiotFormatXML.m in Sources */ = {isa = PBXBuildFile; fileRef = D0298A330F3FF50800EC8C01 /* HTTPRiotFormatXML.m */; };
		D07744880F4885DA00190554 /* HTTPRiotRequest.m in Sources */ = {isa = PBXBuildFile; fileRef = D09E4B360F33EB0E00C9E26E /* HTTPRiotRequest.m */; };
		D07744890F4885DA00190554 /* NSData+Base64.m in Sources */ = {isa = PBXBuildFile; fileRef = D02989320F3FBEDC00EC8C01 /* NSData+Base64.m */; };
		D077448A0F4885DA00190554 /* NSDictionary+URI.m in Sources */ = {isa = PBXBuildFile; fileRef = D02989340F3FBEDC00EC8C01 /* NSDictionary+URI.m */; };
		D077448B0F4885DA00190554 /* NSString+URI.m in Sources */ = {isa = PBXBuildFile; fileRef = D02989380F3FBEDC00EC8C01 /* NSString+URI.m */; };
		D077455F0F48913800190554 /* HTTPRiot.h in Headers */ = {isa = PBXBuildFile; fileRef = D03DB6650F3163BB00F18796 /* HTTPRiot.h */; settings = {ATTRIBUTES = (Public, ); }; };
		D07745600F48917400190554 /* HTTPRiot_Prefix.pch in Headers */ = {isa = PBXBuildFile; fileRef = D02988630F3F7F1200EC8C01 /* HTTPRiot_Prefix.pch */; settings = {ATTRIBUTES = (Private, ); }; };
		D07745610F48917400190554 /* HTTPRiotConstants.h in Headers */ = {isa = PBXBuildFile; fileRef = D02988FE0F3FB63F00EC8C01 /* HTTPRiotConstants.h */; settings = {ATTRIBUTES = (Private, ); }; };
		D07745620F48917400190554 /* HTTPRiotFormatJSON.h in Headers */ = {isa = PBXBuildFile; fileRef = D0298A2D0F3FF4FD00EC8C01 /* HTTPRiotFormatJSON.h */; settings = {ATTRIBUTES = (Private, ); }; };
		D07745630F48917400190554 /* HTTPRiotFormatterProtocol.h in Headers */ = {isa = PBXBuildFile; fileRef = D0298A280F3FCA8800EC8C01 /* HTTPRiotFormatterProtocol.h */; settings = {ATTRIBUTES = (Private, ); }; };
		D07745640F48917400190554 /* HTTPRiotFormatXML.h in Headers */ = {isa = PBXBuildFile; fileRef = D0298A320F3FF50800EC8C01 /* HTTPRiotFormatXML.h */; settings = {ATTRIBUTES = (Private, ); }; };
		D07745650F48917400190554 /* HTTPRiotRequest.h in Headers */ = {isa = PBXBuildFile; fileRef = D09E4B350F33EB0E00C9E26E /* HTTPRiotRequest.h */; settings = {ATTRIBUTES = (Private, ); }; };
		D07745660F48917400190554 /* NSData+Base64.h in Headers */ = {isa = PBXBuildFile; fileRef = D02989310F3FBEDC00EC8C01 /* NSData+Base64.h */; settings = {ATTRIBUTES = (Private, ); }; };
		D07745670F48917400190554 /* NSDictionary+URI.h in Headers */ = {isa = PBXBuildFile; fileRef = D02989330F3FBEDC00EC8C01 /* NSDictionary+URI.h */; settings = {ATTRIBUTES = (Private, ); }; };
		D07745680F48917400190554 /* NSString+URI.h in Headers */ = {isa = PBXBuildFile; fileRef = D02989370F3FBEDC00EC8C01 /* NSString+URI.h */; settings = {ATTRIBUTES = (Private, ); }; };
		D09E4A1E0F339E0600C9E26E /* HTTPRiotRestModelTest.m in Sources */ = {isa = PBXBuildFile; fileRef = D09E4A1D0F339E0600C9E26E /* HTTPRiotRestModelTest.m */; };
		D09E4A4E0F33A12700C9E26E /* SenTestingKit.framework in Frameworks */ = {isa = PBXBuildFile; fileRef = D09E4A4D0F33A12700C9E26E /* SenTestingKit.framework */; };
		D09E4AB60F33CCB900C9E26E /* HTTPRiot.framework in CopyFiles */ = {isa = PBXBuildFile; fileRef = 8DC2EF5B0486A6940098B216 /* HTTPRiot.framework */; };
		D09E4ADA0F33CDB600C9E26E /* main.m in Sources */ = {isa = PBXBuildFile; fileRef = D09E4AD90F33CDB600C9E26E /* main.m */; };
		D09E4ADF0F33CEBC00C9E26E /* MainMenu.xib in Resources */ = {isa = PBXBuildFile; fileRef = D09E4ADE0F33CEBC00C9E26E /* MainMenu.xib */; };
		D09E4AE20F33CEF600C9E26E /* SAApplicationDelegate.m in Sources */ = {isa = PBXBuildFile; fileRef = D09E4AE10F33CEF600C9E26E /* SAApplicationDelegate.m */; };
		D09E4AFC0F33D61400C9E26E /* HTTPRiot.framework in Frameworks */ = {isa = PBXBuildFile; fileRef = 8DC2EF5B0486A6940098B216 /* HTTPRiot.framework */; };
		D09E4B390F33EB1D00C9E26E /* HTTPRiotRequest.m in Sources */ = {isa = PBXBuildFile; fileRef = D09E4B360F33EB0E00C9E26E /* HTTPRiotRequest.m */; };
		D0D9669B0F65C7C300F1347A /* libxml2.2.dylib in Frameworks */ = {isa = PBXBuildFile; fileRef = D0D9669A0F65C7C300F1347A /* libxml2.2.dylib */; };
/* End PBXBuildFile section */

/* Begin PBXContainerItemProxy section */
		D0298B6A0F40EE7700EC8C01 /* PBXContainerItemProxy */ = {
			isa = PBXContainerItemProxy;
			containerPortal = 0867D690FE84028FC02AAC07 /* Project object */;
			proxyType = 1;
			remoteGlobalIDString = 8DC2EF4F0486A6940098B216;
			remoteInfo = HTTPRiot;
		};
		D09E4AB10F33CCAA00C9E26E /* PBXContainerItemProxy */ = {
			isa = PBXContainerItemProxy;
			containerPortal = 0867D690FE84028FC02AAC07 /* Project object */;
			proxyType = 1;
			remoteGlobalIDString = 8DC2EF4F0486A6940098B216;
			remoteInfo = HTTPRiot;
		};
/* End PBXContainerItemProxy section */

/* Begin PBXCopyFilesBuildPhase section */
		D09E4ABA0F33CCF800C9E26E /* CopyFiles */ = {
			isa = PBXCopyFilesBuildPhase;
			buildActionMask = 2147483647;
			dstPath = "";
			dstSubfolderSpec = 10;
			files = (
				D09E4AB60F33CCB900C9E26E /* HTTPRiot.framework in CopyFiles */,
			);
			runOnlyForDeploymentPostprocessing = 0;
		};
/* End PBXCopyFilesBuildPhase section */

/* Begin PBXFileReference section */
		0867D69BFE84028FC02AAC07 /* Foundation.framework */ = {isa = PBXFileReference; lastKnownFileType = wrapper.framework; name = Foundation.framework; path = /System/Library/Frameworks/Foundation.framework; sourceTree = "<absolute>"; };
		0867D6A5FE840307C02AAC07 /* AppKit.framework */ = {isa = PBXFileReference; lastKnownFileType = wrapper.framework; name = AppKit.framework; path = /System/Library/Frameworks/AppKit.framework; sourceTree = "<absolute>"; };
		1058C7B1FEA5585E11CA2CBB /* Cocoa.framework */ = {isa = PBXFileReference; lastKnownFileType = wrapper.framework; name = Cocoa.framework; path = /System/Library/Frameworks/Cocoa.framework; sourceTree = "<absolute>"; };
		8DC2EF5A0486A6940098B216 /* Info.plist */ = {isa = PBXFileReference; fileEncoding = 4; lastKnownFileType = text.plist.xml; path = Info.plist; sourceTree = "<group>"; };
		8DC2EF5B0486A6940098B216 /* HTTPRiot.framework */ = {isa = PBXFileReference; explicitFileType = wrapper.framework; includeInIndex = 0; path = HTTPRiot.framework; sourceTree = BUILT_PRODUCTS_DIR; };
		D02988630F3F7F1200EC8C01 /* HTTPRiot_Prefix.pch */ = {isa = PBXFileReference; fileEncoding = 4; lastKnownFileType = sourcecode.c.h; path = HTTPRiot_Prefix.pch; sourceTree = "<group>"; };
		D02988FE0F3FB63F00EC8C01 /* HTTPRiotConstants.h */ = {isa = PBXFileReference; fileEncoding = 4; lastKnownFileType = sourcecode.c.h; path = HTTPRiotConstants.h; sourceTree = "<group>"; };
		D02989310F3FBEDC00EC8C01 /* NSData+Base64.h */ = {isa = PBXFileReference; fileEncoding = 4; lastKnownFileType = sourcecode.c.h; path = "NSData+Base64.h"; sourceTree = "<group>"; };
		D02989320F3FBEDC00EC8C01 /* NSData+Base64.m */ = {isa = PBXFileReference; fileEncoding = 4; lastKnownFileType = sourcecode.c.objc; path = "NSData+Base64.m"; sourceTree = "<group>"; };
		D02989330F3FBEDC00EC8C01 /* NSDictionary+URI.h */ = {isa = PBXFileReference; fileEncoding = 4; lastKnownFileType = sourcecode.c.h; path = "NSDictionary+URI.h"; sourceTree = "<group>"; };
		D02989340F3FBEDC00EC8C01 /* NSDictionary+URI.m */ = {isa = PBXFileReference; fileEncoding = 4; lastKnownFileType = sourcecode.c.objc; path = "NSDictionary+URI.m"; sourceTree = "<group>"; };
		D02989370F3FBEDC00EC8C01 /* NSString+URI.h */ = {isa = PBXFileReference; fileEncoding = 4; lastKnownFileType = sourcecode.c.h; path = "NSString+URI.h"; sourceTree = "<group>"; };
		D02989380F3FBEDC00EC8C01 /* NSString+URI.m */ = {isa = PBXFileReference; fileEncoding = 4; lastKnownFileType = sourcecode.c.objc; path = "NSString+URI.m"; sourceTree = "<group>"; };
		D0298A280F3FCA8800EC8C01 /* HTTPRiotFormatterProtocol.h */ = {isa = PBXFileReference; fileEncoding = 4; lastKnownFileType = sourcecode.c.h; path = HTTPRiotFormatterProtocol.h; sourceTree = "<group>"; };
		D0298A2D0F3FF4FD00EC8C01 /* HTTPRiotFormatJSON.h */ = {isa = PBXFileReference; fileEncoding = 4; lastKnownFileType = sourcecode.c.h; path = HTTPRiotFormatJSON.h; sourceTree = "<group>"; };
		D0298A2E0F3FF4FD00EC8C01 /* HTTPRiotFormatJSON.m */ = {isa = PBXFileReference; fileEncoding = 4; lastKnownFileType = sourcecode.c.objc; path = HTTPRiotFormatJSON.m; sourceTree = "<group>"; };
		D0298A320F3FF50800EC8C01 /* HTTPRiotFormatXML.h */ = {isa = PBXFileReference; fileEncoding = 4; lastKnownFileType = sourcecode.c.h; path = HTTPRiotFormatXML.h; sourceTree = "<group>"; };
		D0298A330F3FF50800EC8C01 /* HTTPRiotFormatXML.m */ = {isa = PBXFileReference; fileEncoding = 4; lastKnownFileType = sourcecode.c.objc; path = HTTPRiotFormatXML.m; sourceTree = "<group>"; };
		D0298A650F3FFBBD00EC8C01 /* libhttpriot.a */ = {isa = PBXFileReference; explicitFileType = archive.ar; includeInIndex = 0; path = libhttpriot.a; sourceTree = BUILT_PRODUCTS_DIR; };
		D0298A810F3FFF2E00EC8C01 /* JSON.h */ = {isa = PBXFileReference; fileEncoding = 4; lastKnownFileType = sourcecode.c.h; path = JSON.h; sourceTree = "<group>"; };
		D0298A820F3FFF2E00EC8C01 /* NSObject+SBJSON.h */ = {isa = PBXFileReference; fileEncoding = 4; lastKnownFileType = sourcecode.c.h; path = "NSObject+SBJSON.h"; sourceTree = "<group>"; };
		D0298A830F3FFF2E00EC8C01 /* NSObject+SBJSON.m */ = {isa = PBXFileReference; fileEncoding = 4; lastKnownFileType = sourcecode.c.objc; path = "NSObject+SBJSON.m"; sourceTree = "<group>"; };
		D0298A840F3FFF2E00EC8C01 /* NSString+SBJSON.h */ = {isa = PBXFileReference; fileEncoding = 4; lastKnownFileType = sourcecode.c.h; path = "NSString+SBJSON.h"; sourceTree = "<group>"; };
		D0298A850F3FFF2E00EC8C01 /* NSString+SBJSON.m */ = {isa = PBXFileReference; fileEncoding = 4; lastKnownFileType = sourcecode.c.objc; path = "NSString+SBJSON.m"; sourceTree = "<group>"; };
		D0298A860F3FFF2E00EC8C01 /* SBJSON.h */ = {isa = PBXFileReference; fileEncoding = 4; lastKnownFileType = sourcecode.c.h; path = SBJSON.h; sourceTree = "<group>"; };
		D0298A870F3FFF2E00EC8C01 /* SBJSON.m */ = {isa = PBXFileReference; fileEncoding = 4; lastKnownFileType = sourcecode.c.objc; path = SBJSON.m; sourceTree = "<group>"; };
		D02990280F433C1800EC8C01 /* HTTPRiotRequestTest.m */ = {isa = PBXFileReference; fileEncoding = 4; lastKnownFileType = sourcecode.c.objc; path = HTTPRiotRequestTest.m; sourceTree = "<group>"; };
		D02990380F433D1900EC8C01 /* HTTPRiotTestHelper.h */ = {isa = PBXFileReference; fileEncoding = 4; lastKnownFileType = sourcecode.c.h; path = HTTPRiotTestHelper.h; sourceTree = "<group>"; };
		D029906A0F43422E00EC8C01 /* HTTPRiotTestHelper.m */ = {isa = PBXFileReference; fileEncoding = 4; lastKnownFileType = sourcecode.c.objc; path = HTTPRiotTestHelper.m; sourceTree = "<group>"; };
		D03DB6650F3163BB00F18796 /* HTTPRiot.h */ = {isa = PBXFileReference; fileEncoding = 4; lastKnownFileType = sourcecode.c.h; path = HTTPRiot.h; sourceTree = "<group>"; };
		D03DB66A0F31654200F18796 /* HTTPRiotRestModel.h */ = {isa = PBXFileReference; fileEncoding = 4; lastKnownFileType = sourcecode.c.h; path = HTTPRiotRestModel.h; sourceTree = "<group>"; };
		D03DB66B0F31654200F18796 /* HTTPRiotRestModel.m */ = {isa = PBXFileReference; fileEncoding = 4; lastKnownFileType = sourcecode.c.objc; path = HTTPRiotRestModel.m; sourceTree = "<group>"; };
		D04EF10C0F65C50A003C6240 /* AIXMLDocumentSerialize.h */ = {isa = PBXFileReference; fileEncoding = 4; lastKnownFileType = sourcecode.c.h; path = AIXMLDocumentSerialize.h; sourceTree = "<group>"; };
		D04EF10D0F65C50A003C6240 /* AIXMLDocumentSerialize.m */ = {isa = PBXFileReference; fileEncoding = 4; lastKnownFileType = sourcecode.c.objc; path = AIXMLDocumentSerialize.m; sourceTree = "<group>"; };
		D04EF10E0F65C50A003C6240 /* AIXMLElementSerialize.h */ = {isa = PBXFileReference; fileEncoding = 4; lastKnownFileType = sourcecode.c.h; path = AIXMLElementSerialize.h; sourceTree = "<group>"; };
		D04EF10F0F65C50A003C6240 /* AIXMLElementSerialize.m */ = {isa = PBXFileReference; fileEncoding = 4; lastKnownFileType = sourcecode.c.objc; path = AIXMLElementSerialize.m; sourceTree = "<group>"; };
		D04EF1100F65C50A003C6240 /* AIXMLSerialization.h */ = {isa = PBXFileReference; fileEncoding = 4; lastKnownFileType = sourcecode.c.h; path = AIXMLSerialization.h; sourceTree = "<group>"; };
		D04EF1210F65C52D003C6240 /* DDXML.h */ = {isa = PBXFileReference; fileEncoding = 4; lastKnownFileType = sourcecode.c.h; path = DDXML.h; sourceTree = "<group>"; };
		D04EF1220F65C52D003C6240 /* DDXMLDocument.h */ = {isa = PBXFileReference; fileEncoding = 4; lastKnownFileType = sourcecode.c.h; path = DDXMLDocument.h; sourceTree = "<group>"; };
		D04EF1230F65C52D003C6240 /* DDXMLDocument.m */ = {isa = PBXFileReference; fileEncoding = 4; lastKnownFileType = sourcecode.c.objc; path = DDXMLDocument.m; sourceTree = "<group>"; };
		D04EF1240F65C52D003C6240 /* DDXMLElement.h */ = {isa = PBXFileReference; fileEncoding = 4; lastKnownFileType = sourcecode.c.h; path = DDXMLElement.h; sourceTree = "<group>"; };
		D04EF1250F65C52D003C6240 /* DDXMLElement.m */ = {isa = PBXFileReference; fileEncoding = 4; lastKnownFileType = sourcecode.c.objc; path = DDXMLElement.m; sourceTree = "<group>"; };
		D04EF1260F65C52D003C6240 /* DDXMLElementAdditions.h */ = {isa = PBXFileReference; fileEncoding = 4; lastKnownFileType = sourcecode.c.h; path = DDXMLElementAdditions.h; sourceTree = "<group>"; };
		D04EF1270F65C52D003C6240 /* DDXMLElementAdditions.m */ = {isa = PBXFileReference; fileEncoding = 4; lastKnownFileType = sourcecode.c.objc; path = DDXMLElementAdditions.m; sourceTree = "<group>"; };
		D04EF1280F65C52D003C6240 /* DDXMLNode.h */ = {isa = PBXFileReference; fileEncoding = 4; lastKnownFileType = sourcecode.c.h; path = DDXMLNode.h; sourceTree = "<group>"; };
		D04EF1290F65C52D003C6240 /* DDXMLNode.m */ = {isa = PBXFileReference; fileEncoding = 4; lastKnownFileType = sourcecode.c.objc; path = DDXMLNode.m; sourceTree = "<group>"; };
		D04EF12A0F65C52D003C6240 /* DDXMLPrivate.h */ = {isa = PBXFileReference; fileEncoding = 4; lastKnownFileType = sourcecode.c.h; path = DDXMLPrivate.h; sourceTree = "<group>"; };
		D04EF12B0F65C52D003C6240 /* NSStringAdditions.h */ = {isa = PBXFileReference; fileEncoding = 4; lastKnownFileType = sourcecode.c.h; path = NSStringAdditions.h; sourceTree = "<group>"; };
		D04EF12C0F65C52D003C6240 /* NSStringAdditions.m */ = {isa = PBXFileReference; fileEncoding = 4; lastKnownFileType = sourcecode.c.objc; path = NSStringAdditions.m; sourceTree = "<group>"; };
		D09E4A170F339D7900C9E26E /* UnitTests.octest */ = {isa = PBXFileReference; explicitFileType = wrapper.cfbundle; includeInIndex = 0; path = UnitTests.octest; sourceTree = BUILT_PRODUCTS_DIR; };
		D09E4A180F339D7900C9E26E /* UnitTests-Info.plist */ = {isa = PBXFileReference; lastKnownFileType = text.plist.xml; path = "UnitTests-Info.plist"; sourceTree = "<group>"; };
		D09E4A1D0F339E0600C9E26E /* HTTPRiotRestModelTest.m */ = {isa = PBXFileReference; fileEncoding = 4; lastKnownFileType = sourcecode.c.objc; path = HTTPRiotRestModelTest.m; sourceTree = "<group>"; };
		D09E4A4D0F33A12700C9E26E /* SenTestingKit.framework */ = {isa = PBXFileReference; lastKnownFileType = wrapper.framework; name = SenTestingKit.framework; path = Library/Frameworks/SenTestingKit.framework; sourceTree = DEVELOPER_DIR; };
		D09E4AAA0F33CB7F00C9E26E /* SampleApp.app */ = {isa = PBXFileReference; explicitFileType = wrapper.application; includeInIndex = 0; path = SampleApp.app; sourceTree = BUILT_PRODUCTS_DIR; };
		D09E4AAC0F33CB7F00C9E26E /* SampleApp-Info.plist */ = {isa = PBXFileReference; lastKnownFileType = text.plist.xml; path = "SampleApp-Info.plist"; sourceTree = "<group>"; };
		D09E4AD90F33CDB600C9E26E /* main.m */ = {isa = PBXFileReference; fileEncoding = 4; lastKnownFileType = sourcecode.c.objc; path = main.m; sourceTree = "<group>"; };
		D09E4ADE0F33CEBC00C9E26E /* MainMenu.xib */ = {isa = PBXFileReference; lastKnownFileType = file.xib; name = MainMenu.xib; path = Source/SampleApp/MainMenu.xib; sourceTree = "<group>"; };
		D09E4AE00F33CEF600C9E26E /* SAApplicationDelegate.h */ = {isa = PBXFileReference; fileEncoding = 4; lastKnownFileType = sourcecode.c.h; path = SAApplicationDelegate.h; sourceTree = "<group>"; };
		D09E4AE10F33CEF600C9E26E /* SAApplicationDelegate.m */ = {isa = PBXFileReference; fileEncoding = 4; lastKnownFileType = sourcecode.c.objc; path = SAApplicationDelegate.m; sourceTree = "<group>"; };
		D09E4B350F33EB0E00C9E26E /* HTTPRiotRequest.h */ = {isa = PBXFileReference; fileEncoding = 4; lastKnownFileType = sourcecode.c.h; path = HTTPRiotRequest.h; sourceTree = "<group>"; };
		D09E4B360F33EB0E00C9E26E /* HTTPRiotRequest.m */ = {isa = PBXFileReference; fileEncoding = 4; lastKnownFileType = sourcecode.c.objc; path = HTTPRiotRequest.m; sourceTree = "<group>"; };
		D0D9669A0F65C7C300F1347A /* libxml2.2.dylib */ = {isa = PBXFileReference; lastKnownFileType = "compiled.mach-o.dylib"; name = libxml2.2.dylib; path = usr/lib/libxml2.2.dylib; sourceTree = SDKROOT; };
/* End PBXFileReference section */

/* Begin PBXFrameworksBuildPhase section */
		8DC2EF560486A6940098B216 /* Frameworks */ = {
			isa = PBXFrameworksBuildPhase;
			buildActionMask = 2147483647;
			files = (
			);
			runOnlyForDeploymentPostprocessing = 0;
		};
		D0298A630F3FFBBD00EC8C01 /* Frameworks */ = {
			isa = PBXFrameworksBuildPhase;
			buildActionMask = 2147483647;
			files = (
				D0D9669B0F65C7C300F1347A /* libxml2.2.dylib in Frameworks */,
			);
			runOnlyForDeploymentPostprocessing = 0;
		};
		D09E4A140F339D7900C9E26E /* Frameworks */ = {
			isa = PBXFrameworksBuildPhase;
			buildActionMask = 2147483647;
			files = (
				D09E4A4E0F33A12700C9E26E /* SenTestingKit.framework in Frameworks */,
				D0298B710F40EEB500EC8C01 /* HTTPRiot.framework in Frameworks */,
			);
			runOnlyForDeploymentPostprocessing = 0;
		};
		D09E4AA80F33CB7F00C9E26E /* Frameworks */ = {
			isa = PBXFrameworksBuildPhase;
			buildActionMask = 2147483647;
			files = (
				D09E4AFC0F33D61400C9E26E /* HTTPRiot.framework in Frameworks */,
			);
			runOnlyForDeploymentPostprocessing = 0;
		};
/* End PBXFrameworksBuildPhase section */

/* Begin PBXGroup section */
		034768DFFF38A50411DB9C8B /* Products */ = {
			isa = PBXGroup;
			children = (
				8DC2EF5B0486A6940098B216 /* HTTPRiot.framework */,
				D09E4A170F339D7900C9E26E /* UnitTests.octest */,
				D09E4AAA0F33CB7F00C9E26E /* SampleApp.app */,
				D0298A650F3FFBBD00EC8C01 /* libhttpriot.a */,
			);
			name = Products;
			sourceTree = "<group>";
		};
		0867D691FE84028FC02AAC07 /* HTTPRiot */ = {
			isa = PBXGroup;
			children = (
				D03DB6630F315F9E00F18796 /* Source */,
				32C88DFF0371C24200C91783 /* Other Sources */,
				089C1665FE841158C02AAC07 /* Resources */,
				0867D69AFE84028FC02AAC07 /* External Frameworks and Libraries */,
				034768DFFF38A50411DB9C8B /* Products */,
				D09E4A180F339D7900C9E26E /* UnitTests-Info.plist */,
				D09E4AAC0F33CB7F00C9E26E /* SampleApp-Info.plist */,
				D09E4ADE0F33CEBC00C9E26E /* MainMenu.xib */,
				D0D9669A0F65C7C300F1347A /* libxml2.2.dylib */,
			);
			name = HTTPRiot;
			sourceTree = "<group>";
		};
		0867D69AFE84028FC02AAC07 /* External Frameworks and Libraries */ = {
			isa = PBXGroup;
			children = (
				D09E4A4D0F33A12700C9E26E /* SenTestingKit.framework */,
				1058C7B0FEA5585E11CA2CBB /* Linked Frameworks */,
				1058C7B2FEA5585E11CA2CBB /* Other Frameworks */,
			);
			name = "External Frameworks and Libraries";
			sourceTree = "<group>";
		};
		089C1665FE841158C02AAC07 /* Resources */ = {
			isa = PBXGroup;
			children = (
				8DC2EF5A0486A6940098B216 /* Info.plist */,
			);
			name = Resources;
			sourceTree = "<group>";
		};
		1058C7B0FEA5585E11CA2CBB /* Linked Frameworks */ = {
			isa = PBXGroup;
			children = (
				1058C7B1FEA5585E11CA2CBB /* Cocoa.framework */,
			);
			name = "Linked Frameworks";
			sourceTree = "<group>";
		};
		1058C7B2FEA5585E11CA2CBB /* Other Frameworks */ = {
			isa = PBXGroup;
			children = (
				0867D6A5FE840307C02AAC07 /* AppKit.framework */,
				0867D69BFE84028FC02AAC07 /* Foundation.framework */,
			);
			name = "Other Frameworks";
			sourceTree = "<group>";
		};
		32C88DFF0371C24200C91783 /* Other Sources */ = {
			isa = PBXGroup;
			children = (
			);
			name = "Other Sources";
			sourceTree = "<group>";
		};
		D029892F0F3FBEAD00EC8C01 /* Extensions */ = {
			isa = PBXGroup;
			children = (
				D02989310F3FBEDC00EC8C01 /* NSData+Base64.h */,
				D02989320F3FBEDC00EC8C01 /* NSData+Base64.m */,
				D02989330F3FBEDC00EC8C01 /* NSDictionary+URI.h */,
				D02989340F3FBEDC00EC8C01 /* NSDictionary+URI.m */,
				D02989370F3FBEDC00EC8C01 /* NSString+URI.h */,
				D02989380F3FBEDC00EC8C01 /* NSString+URI.m */,
			);
			path = Extensions;
			sourceTree = "<group>";
		};
		D02989300F3FBEB800EC8C01 /* Vendor */ = {
			isa = PBXGroup;
			children = (
				D04EF1200F65C52D003C6240 /* KissXML */,
				D04EF10B0F65C50A003C6240 /* AIXMLSerialization */,
				D0298A7F0F3FFF2E00EC8C01 /* JSON */,
			);
			path = Vendor;
			sourceTree = "<group>";
		};
		D0298A1C0F3FC9A400EC8C01 /* Formatters */ = {
			isa = PBXGroup;
			children = (
				D0298A280F3FCA8800EC8C01 /* HTTPRiotFormatterProtocol.h */,
				D0298A2D0F3FF4FD00EC8C01 /* HTTPRiotFormatJSON.h */,
				D0298A2E0F3FF4FD00EC8C01 /* HTTPRiotFormatJSON.m */,
				D0298A320F3FF50800EC8C01 /* HTTPRiotFormatXML.h */,
				D0298A330F3FF50800EC8C01 /* HTTPRiotFormatXML.m */,
			);
			path = Formatters;
			sourceTree = "<group>";
		};
		D0298A7F0F3FFF2E00EC8C01 /* JSON */ = {
			isa = PBXGroup;
			children = (
				D0298A810F3FFF2E00EC8C01 /* JSON.h */,
				D0298A820F3FFF2E00EC8C01 /* NSObject+SBJSON.h */,
				D0298A830F3FFF2E00EC8C01 /* NSObject+SBJSON.m */,
				D0298A840F3FFF2E00EC8C01 /* NSString+SBJSON.h */,
				D0298A850F3FFF2E00EC8C01 /* NSString+SBJSON.m */,
				D0298A860F3FFF2E00EC8C01 /* SBJSON.h */,
				D0298A870F3FFF2E00EC8C01 /* SBJSON.m */,
			);
			path = JSON;
			sourceTree = "<group>";
		};
		D0298B370F4038C500EC8C01 /* Server */ = {
			isa = PBXGroup;
			children = (
			);
			path = Server;
			sourceTree = "<group>";
		};
		D03DB6630F315F9E00F18796 /* Source */ = {
			isa = PBXGroup;
			children = (
				D03DB6640F31639000F18796 /* HTTPRiot */,
				D09E4AA30F33CB4700C9E26E /* SampleApp */,
				D09E4A0F0F339D5200C9E26E /* Tests */,
			);
			path = Source;
			sourceTree = "<group>";
		};
		D03DB6640F31639000F18796 /* HTTPRiot */ = {
			isa = PBXGroup;
			children = (
				D0298A1C0F3FC9A400EC8C01 /* Formatters */,
				D02989300F3FBEB800EC8C01 /* Vendor */,
				D029892F0F3FBEAD00EC8C01 /* Extensions */,
				D03DB6650F3163BB00F18796 /* HTTPRiot.h */,
				D03DB66A0F31654200F18796 /* HTTPRiotRestModel.h */,
				D03DB66B0F31654200F18796 /* HTTPRiotRestModel.m */,
				D09E4B350F33EB0E00C9E26E /* HTTPRiotRequest.h */,
				D09E4B360F33EB0E00C9E26E /* HTTPRiotRequest.m */,
				D02988630F3F7F1200EC8C01 /* HTTPRiot_Prefix.pch */,
				D02988FE0F3FB63F00EC8C01 /* HTTPRiotConstants.h */,
			);
			path = HTTPRiot;
			sourceTree = "<group>";
		};
		D04EF10B0F65C50A003C6240 /* AIXMLSerialization */ = {
			isa = PBXGroup;
			children = (
				D04EF10C0F65C50A003C6240 /* AIXMLDocumentSerialize.h */,
				D04EF10D0F65C50A003C6240 /* AIXMLDocumentSerialize.m */,
				D04EF10E0F65C50A003C6240 /* AIXMLElementSerialize.h */,
				D04EF10F0F65C50A003C6240 /* AIXMLElementSerialize.m */,
				D04EF1100F65C50A003C6240 /* AIXMLSerialization.h */,
			);
			path = AIXMLSerialization;
			sourceTree = "<group>";
		};
		D04EF1200F65C52D003C6240 /* KissXML */ = {
			isa = PBXGroup;
			children = (
				D04EF1210F65C52D003C6240 /* DDXML.h */,
				D04EF1220F65C52D003C6240 /* DDXMLDocument.h */,
				D04EF1230F65C52D003C6240 /* DDXMLDocument.m */,
				D04EF1240F65C52D003C6240 /* DDXMLElement.h */,
				D04EF1250F65C52D003C6240 /* DDXMLElement.m */,
				D04EF1260F65C52D003C6240 /* DDXMLElementAdditions.h */,
				D04EF1270F65C52D003C6240 /* DDXMLElementAdditions.m */,
				D04EF1280F65C52D003C6240 /* DDXMLNode.h */,
				D04EF1290F65C52D003C6240 /* DDXMLNode.m */,
				D04EF12A0F65C52D003C6240 /* DDXMLPrivate.h */,
				D04EF12B0F65C52D003C6240 /* NSStringAdditions.h */,
				D04EF12C0F65C52D003C6240 /* NSStringAdditions.m */,
			);
			path = KissXML;
			sourceTree = "<group>";
		};
		D09E4A0F0F339D5200C9E26E /* Tests */ = {
			isa = PBXGroup;
			children = (
				D0298B370F4038C500EC8C01 /* Server */,
				D09E4A1D0F339E0600C9E26E /* HTTPRiotRestModelTest.m */,
				D02990280F433C1800EC8C01 /* HTTPRiotRequestTest.m */,
				D02990380F433D1900EC8C01 /* HTTPRiotTestHelper.h */,
				D029906A0F43422E00EC8C01 /* HTTPRiotTestHelper.m */,
			);
			path = Tests;
			sourceTree = "<group>";
		};
		D09E4AA30F33CB4700C9E26E /* SampleApp */ = {
			isa = PBXGroup;
			children = (
				D09E4AD90F33CDB600C9E26E /* main.m */,
				D09E4AE00F33CEF600C9E26E /* SAApplicationDelegate.h */,
				D09E4AE10F33CEF600C9E26E /* SAApplicationDelegate.m */,
			);
			path = SampleApp;
			sourceTree = "<group>";
		};
/* End PBXGroup section */

/* Begin PBXHeadersBuildPhase section */
		8DC2EF500486A6940098B216 /* Headers */ = {
			isa = PBXHeadersBuildPhase;
			buildActionMask = 2147483647;
			files = (
				D03DB6660F3163BB00F18796 /* HTTPRiot.h in Headers */,
				D02988640F3F7F1200EC8C01 /* HTTPRiot_Prefix.pch in Headers */,
				D02988FF0F3FB63F00EC8C01 /* HTTPRiotConstants.h in Headers */,
				D0298A300F3FF4FD00EC8C01 /* HTTPRiotFormatJSON.h in Headers */,
				D0298A2B0F3FCA8800EC8C01 /* HTTPRiotFormatterProtocol.h in Headers */,
				D0298A350F3FF50800EC8C01 /* HTTPRiotFormatXML.h in Headers */,
				D02988310F3F7BCE00EC8C01 /* HTTPRiotRequest.h in Headers */,
				D03DB66C0F31654200F18796 /* HTTPRiotRestModel.h in Headers */,
				D0298A8D0F3FFF2E00EC8C01 /* JSON.h in Headers */,
				D02989390F3FBEDC00EC8C01 /* NSData+Base64.h in Headers */,
				D029893B0F3FBEDC00EC8C01 /* NSDictionary+URI.h in Headers */,
				D0298A8E0F3FFF2E00EC8C01 /* NSObject+SBJSON.h in Headers */,
				D0298A900F3FFF2E00EC8C01 /* NSString+SBJSON.h in Headers */,
				D029893F0F3FBEDC00EC8C01 /* NSString+URI.h in Headers */,
				D0298A920F3FFF2E00EC8C01 /* SBJSON.h in Headers */,
				D04EF1160F65C50A003C6240 /* AIXMLDocumentSerialize.h in Headers */,
				D04EF1180F65C50A003C6240 /* AIXMLElementSerialize.h in Headers */,
				D04EF11A0F65C50A003C6240 /* AIXMLSerialization.h in Headers */,
			);
			runOnlyForDeploymentPostprocessing = 0;
		};
		D0298A610F3FFBBD00EC8C01 /* Headers */ = {
			isa = PBXHeadersBuildPhase;
			buildActionMask = 2147483647;
			files = (
				D077455F0F48913800190554 /* HTTPRiot.h in Headers */,
				D07745600F48917400190554 /* HTTPRiot_Prefix.pch in Headers */,
				D07745610F48917400190554 /* HTTPRiotConstants.h in Headers */,
				D07745620F48917400190554 /* HTTPRiotFormatJSON.h in Headers */,
				D07745630F48917400190554 /* HTTPRiotFormatterProtocol.h in Headers */,
				D07745640F48917400190554 /* HTTPRiotFormatXML.h in Headers */,
				D07745650F48917400190554 /* HTTPRiotRequest.h in Headers */,
				D07744840F4885A700190554 /* HTTPRiotRestModel.h in Headers */,
				D0298A940F3FFF2E00EC8C01 /* JSON.h in Headers */,
				D07745660F48917400190554 /* NSData+Base64.h in Headers */,
				D07745670F48917400190554 /* NSDictionary+URI.h in Headers */,
				D0298A950F3FFF2E00EC8C01 /* NSObject+SBJSON.h in Headers */,
				D0298A970F3FFF2E00EC8C01 /* NSString+SBJSON.h in Headers */,
				D07745680F48917400190554 /* NSString+URI.h in Headers */,
				D0298A990F3FFF2E00EC8C01 /* SBJSON.h in Headers */,
				D04EF1110F65C50A003C6240 /* AIXMLDocumentSerialize.h in Headers */,
				D04EF1130F65C50A003C6240 /* AIXMLElementSerialize.h in Headers */,
				D04EF1150F65C50A003C6240 /* AIXMLSerialization.h in Headers */,
				D04EF12D0F65C52D003C6240 /* DDXML.h in Headers */,
				D04EF12E0F65C52D003C6240 /* DDXMLDocument.h in Headers */,
				D04EF1300F65C52D003C6240 /* DDXMLElement.h in Headers */,
				D04EF1320F65C52D003C6240 /* DDXMLElementAdditions.h in Headers */,
				D04EF1340F65C52D003C6240 /* DDXMLNode.h in Headers */,
				D04EF1360F65C52D003C6240 /* DDXMLPrivate.h in Headers */,
				D04EF1370F65C52D003C6240 /* NSStringAdditions.h in Headers */,
			);
			runOnlyForDeploymentPostprocessing = 0;
		};
/* End PBXHeadersBuildPhase section */

/* Begin PBXNativeTarget section */
		8DC2EF4F0486A6940098B216 /* HTTPRiot */ = {
			isa = PBXNativeTarget;
			buildConfigurationList = 1DEB91AD08733DA50010E9CD /* Build configuration list for PBXNativeTarget "HTTPRiot" */;
			buildPhases = (
				8DC2EF500486A6940098B216 /* Headers */,
				8DC2EF520486A6940098B216 /* Resources */,
				8DC2EF540486A6940098B216 /* Sources */,
				8DC2EF560486A6940098B216 /* Frameworks */,
			);
			buildRules = (
			);
			dependencies = (
			);
			name = HTTPRiot;
			productInstallPath = "$(HOME)/Library/Frameworks";
			productName = HTTPRiot;
			productReference = 8DC2EF5B0486A6940098B216 /* HTTPRiot.framework */;
			productType = "com.apple.product-type.framework";
		};
		D0298A640F3FFBBD00EC8C01 /* libhttpriot */ = {
			isa = PBXNativeTarget;
			buildConfigurationList = D0298A680F3FFBE600EC8C01 /* Build configuration list for PBXNativeTarget "libhttpriot" */;
			buildPhases = (
				D0298A610F3FFBBD00EC8C01 /* Headers */,
				D0298A620F3FFBBD00EC8C01 /* Sources */,
				D0298A630F3FFBBD00EC8C01 /* Frameworks */,
			);
			buildRules = (
			);
			dependencies = (
			);
			name = libhttpriot;
			productName = libhttpriot;
			productReference = D0298A650F3FFBBD00EC8C01 /* libhttpriot.a */;
			productType = "com.apple.product-type.library.static";
		};
		D09E4A160F339D7900C9E26E /* UnitTests */ = {
			isa = PBXNativeTarget;
			buildConfigurationList = D09E4A1B0F339D7A00C9E26E /* Build configuration list for PBXNativeTarget "UnitTests" */;
			buildPhases = (
				D09E4A120F339D7900C9E26E /* Resources */,
				D09E4A130F339D7900C9E26E /* Sources */,
				D09E4A140F339D7900C9E26E /* Frameworks */,
				D09E4A150F339D7900C9E26E /* ShellScript */,
			);
			buildRules = (
			);
			dependencies = (
				D0298B6B0F40EE7700EC8C01 /* PBXTargetDependency */,
			);
			name = UnitTests;
			productName = UnitTests;
			productReference = D09E4A170F339D7900C9E26E /* UnitTests.octest */;
			productType = "com.apple.product-type.bundle";
		};
		D09E4AA90F33CB7F00C9E26E /* SampleApp */ = {
			isa = PBXNativeTarget;
			buildConfigurationList = D09E4AAF0F33CB8000C9E26E /* Build configuration list for PBXNativeTarget "SampleApp" */;
			buildPhases = (
				D09E4AA60F33CB7F00C9E26E /* Resources */,
				D09E4AA70F33CB7F00C9E26E /* Sources */,
				D09E4AA80F33CB7F00C9E26E /* Frameworks */,
				D09E4ABA0F33CCF800C9E26E /* CopyFiles */,
			);
			buildRules = (
			);
			dependencies = (
				D09E4AB20F33CCAA00C9E26E /* PBXTargetDependency */,
			);
			name = SampleApp;
			productName = SampleApp;
			productReference = D09E4AAA0F33CB7F00C9E26E /* SampleApp.app */;
			productType = "com.apple.product-type.application";
		};
/* End PBXNativeTarget section */

/* Begin PBXProject section */
		0867D690FE84028FC02AAC07 /* Project object */ = {
			isa = PBXProject;
			buildConfigurationList = 1DEB91B108733DA50010E9CD /* Build configuration list for PBXProject "HTTPRiot" */;
			compatibilityVersion = "Xcode 3.1";
			hasScannedForEncodings = 1;
			mainGroup = 0867D691FE84028FC02AAC07 /* HTTPRiot */;
			productRefGroup = 034768DFFF38A50411DB9C8B /* Products */;
			projectDirPath = "";
			projectRoot = "";
			targets = (
				8DC2EF4F0486A6940098B216 /* HTTPRiot */,
				D09E4A160F339D7900C9E26E /* UnitTests */,
				D09E4AA90F33CB7F00C9E26E /* SampleApp */,
				D0298A640F3FFBBD00EC8C01 /* libhttpriot */,
				D0F4848A0F4CC03500160DD9 /* Documentation */,
			);
		};
/* End PBXProject section */

/* Begin PBXResourcesBuildPhase section */
		8DC2EF520486A6940098B216 /* Resources */ = {
			isa = PBXResourcesBuildPhase;
			buildActionMask = 2147483647;
			files = (
			);
			runOnlyForDeploymentPostprocessing = 0;
		};
		D09E4A120F339D7900C9E26E /* Resources */ = {
			isa = PBXResourcesBuildPhase;
			buildActionMask = 2147483647;
			files = (
			);
			runOnlyForDeploymentPostprocessing = 0;
		};
		D09E4AA60F33CB7F00C9E26E /* Resources */ = {
			isa = PBXResourcesBuildPhase;
			buildActionMask = 2147483647;
			files = (
				D09E4ADF0F33CEBC00C9E26E /* MainMenu.xib in Resources */,
			);
			runOnlyForDeploymentPostprocessing = 0;
		};
/* End PBXResourcesBuildPhase section */

/* Begin PBXShellScriptBuildPhase section */
		D0315F340F4CFA8600AEFEB7 /* Cleanup doc info */ = {
			isa = PBXShellScriptBuildPhase;
			buildActionMask = 2147483647;
			files = (
			);
			inputPaths = (
			);
			name = "Cleanup doc info";
			outputPaths = (
			);
			runOnlyForDeploymentPostprocessing = 0;
			shellPath = "/usr/bin/env ruby";
			shellScript = "#!/usr/bin/env ruby\n#!/usr/bin/env ruby\n# The documentation gets generated with a bad info.plist file so this fixes it\n# until I can find a better solution\n#\nrequire 'rubygems'\nrequire 'fileutils'\nrequire 'osx/cocoa'\n\ninclude FileUtils\n\n# Get the main target's version number\nplist = OSX::NSDictionary.dictionaryWithContentsOfFile(File.join(ENV['PROJECT_DIR'], \"Info.plist\"))\nversion = plist['CFBundleVersion']\n\ncontents = <<-CONTENTS\n<?xml version=\"1.0\" encoding=\"UTF-8\"?>\n<!DOCTYPE plist PUBLIC \"-//Apple Computer//DTD PLIST 1.0//EN\"\n\"http://www.apple.com/DTDs/PropertyList-1.0.dtd\">\n<plist version=\"1.0\">\n<dict>\n     <key>CFBundleName</key>\n     <string>#{ENV['PROJECT']} #{version}</string>\n     <key>CFBundleIdentifier</key>\n     <string>com.alternateidea.#{ENV['PROJECT']}.docset</string>\n     <key>DocSetFeedName</key>\n     <string>#{ENV['PROJECT']} Documentation</string>\n</dict>\n</plist>\nCONTENTS\n\ndoc_dir = \"/Users/#{ENV['USER']}/Library/Developer/Shared/Documentation/DocSets/com.alternateidea.#{ENV['PROJECT']}.docset/Contents\"\nplist = File.join(doc_dir, \"Info.plist\")\nresource_dir = File.join(doc_dir, \"Resources\", \"Documents\")\n\nif File.exists?(plist)\n  File.open(plist, 'w+') do |f|\n    f << contents\n  end\nend\n\ncp_r(File.join(ENV['PROJECT_DIR'], 'Documentation', 'slate', 'images'), resource_dir)\n\n# Script to tell XCode to load up our new documentation\nscript = <<-OSA \ntell application \"Xcode\"\n\tload documentation set with path \"/Users/$USER/Library/Developer/Shared/Documentation/DocSets/com.alternateidea.#{ENV['PROJECT']}.docset/\"\nend tell\nOSA\n\n# Run the load-docset applescript command.\nsystem(\"osascript -e #{script}\")";
		};
		D09E4A150F339D7900C9E26E /* ShellScript */ = {
			isa = PBXShellScriptBuildPhase;
			buildActionMask = 2147483647;
			files = (
			);
			inputPaths = (
			);
			outputPaths = (
			);
			runOnlyForDeploymentPostprocessing = 0;
			shellPath = "/usr/bin/env ruby";
			shellScript = "# Start test server\npid = fork do\n  system(\"#{ENV['PROJECT_DIR']}/Source/Tests/Server/testserver.rb\")\n  exit 99\nend\n\n# Run the unit tests in this test bundle.\n# system(\"sh #{ENV['SYSTEM_DEVELOPER_DIR']}/Tools/RunUnitTests\")\n\nProcess.kill(\"TERM\", pid)\n";
		};
		D0F484890F4CC03500160DD9 /* Generate and Install docs */ = {
			isa = PBXShellScriptBuildPhase;
			buildActionMask = 2147483647;
			files = (
			);
			inputPaths = (
			);
			name = "Generate and Install docs";
			outputPaths = (
			);
			runOnlyForDeploymentPostprocessing = 0;
			shellPath = /bin/sh;
			shellScript = "# See also http://developer.apple.com/tools/creatingdocsetswithdoxygen.html \n\nVERS=$(agvtool mvers -terse1)\n\nDOXYFILE=$DERIVED_FILES_DIR/Doxyfile\nDOXYGEN=/Applications/Doxygen.app/Contents/Resources/doxygen\nDOCSET=$DSTROOT/Documentation\n\nmkdir -p $DERIVED_FILES_DIR || exit 1\nmkdir -p $DOCSET || exit 1\n\nif ! test -x $DOXYGEN ; then\n\tDOXYGEN=`which doxygen`;\nfi\n\nif ! test -x $DOXYGEN ; then\n\techo \"*** Install Doxygen to get documentatino generated for you automatically ***\"\n\texit 0\nfi\n\n\n# Check that doxygen is present\ntest -f $DOXYGEN || exit 1\n\n# Create a doxygen configuration file with only the settings we care about\n\ncat <<EOF > $DOXYFILE\n\nPROJECT_NAME           = $FULL_PRODUCT_NAME\nPROJECT_NUMBER         = $VERS\nDOCSET_FEEDNAME  \t    = \"$PROJECT $VERSION\"\nOUTPUT_DIRECTORY       = $DOCSET\nINPUT                  = $SOURCE_ROOT/Source/$PROJECT $SOURCE_ROOT/Documentation\nEXAMPLE_PATH           = $SOURCE_ROOT/Documentation/Samples $SOURCE_ROOT/Documentation/Guides\nIMAGE_PATH             = $SOURCE_ROOT/Documentation/images\nFILE_PATTERNS          = *.h *.m *.doxygen\n\nHIDE_UNDOC_MEMBERS     = NO\nHIDE_UNDOC_CLASSES     = YES\nHIDE_UNDOC_RELATIONS   = YES\nREPEAT_BRIEF           = NO\n\nGENERATE_LATEX         = NO\nGENERATE_HTML          = YES\nGENERATE_DOCSET        = YES\nDOCSET_FEEDNAME        = \"$PROJECT Documentation\"\nDOCSET_BUNDLE_ID       = com.alternateidea.$PROJECT\n\nQUIET                  = NO\n\nHTML_FOOTER \t\t\t= $SOURCE_ROOT/Documentation/slate/index.html\nHTML_STYLESHEET \t\t= $SOURCE_ROOT/Documentation/slate/slate.css\n\nEOF\n\n#  Run doxygen on the updated config file.\n#  doxygen creates a Makefile that does most of the heavy lifting.\n\n$DOXYGEN $DOXYFILE\n\n\n#  make will invoke docsetutil. Take a look at the Makefile to see how this is done.\nmake -C $DOCSET/html install";
		};
/* End PBXShellScriptBuildPhase section */

/* Begin PBXSourcesBuildPhase section */
		8DC2EF540486A6940098B216 /* Sources */ = {
			isa = PBXSourcesBuildPhase;
			buildActionMask = 2147483647;
			files = (
				D03DB66D0F31654200F18796 /* HTTPRiotRestModel.m in Sources */,
				D09E4B390F33EB1D00C9E26E /* HTTPRiotRequest.m in Sources */,
				D029893A0F3FBEDC00EC8C01 /* NSData+Base64.m in Sources */,
				D029893C0F3FBEDC00EC8C01 /* NSDictionary+URI.m in Sources */,
				D02989400F3FBEDC00EC8C01 /* NSString+URI.m in Sources */,
				D0298A310F3FF4FD00EC8C01 /* HTTPRiotFormatJSON.m in Sources */,
				D0298A360F3FF50800EC8C01 /* HTTPRiotFormatXML.m in Sources */,
				D0298A8F0F3FFF2E00EC8C01 /* NSObject+SBJSON.m in Sources */,
				D0298A910F3FFF2E00EC8C01 /* NSString+SBJSON.m in Sources */,
				D0298A930F3FFF2E00EC8C01 /* SBJSON.m in Sources */,
				D04EF1170F65C50A003C6240 /* AIXMLDocumentSerialize.m in Sources */,
				D04EF1190F65C50A003C6240 /* AIXMLElementSerialize.m in Sources */,
			);
			runOnlyForDeploymentPostprocessing = 0;
		};
		D0298A620F3FFBBD00EC8C01 /* Sources */ = {
			isa = PBXSourcesBuildPhase;
			buildActionMask = 2147483647;
			files = (
				D07744860F4885DA00190554 /* HTTPRiotFormatJSON.m in Sources */,
				D07744870F4885DA00190554 /* HTTPRiotFormatXML.m in Sources */,
				D07744880F4885DA00190554 /* HTTPRiotRequest.m in Sources */,
				D07744850F4885AE00190554 /* HTTPRiotRestModel.m in Sources */,
				D07744890F4885DA00190554 /* NSData+Base64.m in Sources */,
				D077448A0F4885DA00190554 /* NSDictionary+URI.m in Sources */,
				D0298A960F3FFF2E00EC8C01 /* NSObject+SBJSON.m in Sources */,
				D0298A980F3FFF2E00EC8C01 /* NSString+SBJSON.m in Sources */,
				D077448B0F4885DA00190554 /* NSString+URI.m in Sources */,
				D0298A9A0F3FFF2E00EC8C01 /* SBJSON.m in Sources */,
				D04EF1120F65C50A003C6240 /* AIXMLDocumentSerialize.m in Sources */,
				D04EF1140F65C50A003C6240 /* AIXMLElementSerialize.m in Sources */,
				D04EF12F0F65C52D003C6240 /* DDXMLDocument.m in Sources */,
				D04EF1310F65C52D003C6240 /* DDXMLElement.m in Sources */,
				D04EF1330F65C52D003C6240 /* DDXMLElementAdditions.m in Sources */,
				D04EF1350F65C52D003C6240 /* DDXMLNode.m in Sources */,
				D04EF1380F65C52D003C6240 /* NSStringAdditions.m in Sources */,
			);
			runOnlyForDeploymentPostprocessing = 0;
		};
		D09E4A130F339D7900C9E26E /* Sources */ = {
			isa = PBXSourcesBuildPhase;
			buildActionMask = 2147483647;
			files = (
				D09E4A1E0F339E0600C9E26E /* HTTPRiotRestModelTest.m in Sources */,
				D02990290F433C1800EC8C01 /* HTTPRiotRequestTest.m in Sources */,
				D029906B0F43422E00EC8C01 /* HTTPRiotTestHelper.m in Sources */,
			);
			runOnlyForDeploymentPostprocessing = 0;
		};
		D09E4AA70F33CB7F00C9E26E /* Sources */ = {
			isa = PBXSourcesBuildPhase;
			buildActionMask = 2147483647;
			files = (
				D09E4ADA0F33CDB600C9E26E /* main.m in Sources */,
				D09E4AE20F33CEF600C9E26E /* SAApplicationDelegate.m in Sources */,
			);
			runOnlyForDeploymentPostprocessing = 0;
		};
/* End PBXSourcesBuildPhase section */

/* Begin PBXTargetDependency section */
		D0298B6B0F40EE7700EC8C01 /* PBXTargetDependency */ = {
			isa = PBXTargetDependency;
			target = 8DC2EF4F0486A6940098B216 /* HTTPRiot */;
			targetProxy = D0298B6A0F40EE7700EC8C01 /* PBXContainerItemProxy */;
		};
		D09E4AB20F33CCAA00C9E26E /* PBXTargetDependency */ = {
			isa = PBXTargetDependency;
			target = 8DC2EF4F0486A6940098B216 /* HTTPRiot */;
			targetProxy = D09E4AB10F33CCAA00C9E26E /* PBXContainerItemProxy */;
		};
/* End PBXTargetDependency section */

/* Begin XCBuildConfiguration section */
		1DEB91AE08733DA50010E9CD /* Debug */ = {
			isa = XCBuildConfiguration;
			buildSettings = {
				ALWAYS_SEARCH_USER_PATHS = NO;
				COPY_PHASE_STRIP = NO;
				CURRENT_PROJECT_VERSION = 0.1.0;
				DYLIB_COMPATIBILITY_VERSION = 1;
				DYLIB_CURRENT_VERSION = 1;
				FRAMEWORK_VERSION = A;
				GCC_DYNAMIC_NO_PIC = NO;
				GCC_ENABLE_FIX_AND_CONTINUE = YES;
				GCC_MODEL_TUNING = G5;
				GCC_OPTIMIZATION_LEVEL = 0;
				GCC_PRECOMPILE_PREFIX_HEADER = YES;
				GCC_PREFIX_HEADER = Source/HTTPRiot/HTTPRiot_Prefix.pch;
				INFOPLIST_FILE = Info.plist;
				INSTALL_PATH = "@loader_path/../Frameworks";
				OTHER_CFLAGS = "-DHTTPRIOT_FRAMEWORK_BUILD";
				OTHER_LDFLAGS = (
					"-framework",
					Foundation,
				);
				PRODUCT_NAME = HTTPRiot;
				VERSIONING_SYSTEM = "apple-generic";
				VERSION_INFO_PREFIX = HTTPRIOT;
				WRAPPER_EXTENSION = framework;
			};
			name = Debug;
		};
		1DEB91AF08733DA50010E9CD /* Release */ = {
			isa = XCBuildConfiguration;
			buildSettings = {
				ALWAYS_SEARCH_USER_PATHS = NO;
				CURRENT_PROJECT_VERSION = 0.1.0;
				DEBUG_INFORMATION_FORMAT = "dwarf-with-dsym";
				DYLIB_COMPATIBILITY_VERSION = 1;
				DYLIB_CURRENT_VERSION = 1;
				FOO_BAR = 1;
				FRAMEWORK_VERSION = A;
				GCC_MODEL_TUNING = G5;
				GCC_PRECOMPILE_PREFIX_HEADER = YES;
				GCC_PREFIX_HEADER = Source/HTTPRiot/HTTPRiot_Prefix.pch;
				INFOPLIST_FILE = Info.plist;
				INSTALL_PATH = "@loader_path/../Frameworks";
				OTHER_CFLAGS = "-DHTTPRIOT_FRAMEWORK_BUILD";
				OTHER_LDFLAGS = (
					"-framework",
					Foundation,
				);
				PRODUCT_NAME = HTTPRiot;
				VERSIONING_SYSTEM = "apple-generic";
				VERSION_INFO_PREFIX = HTTPRIOT;
				WRAPPER_EXTENSION = framework;
			};
			name = Release;
		};
		1DEB91B208733DA50010E9CD /* Debug */ = {
			isa = XCBuildConfiguration;
			buildSettings = {
				ARCHS = "$(ARCHS_STANDARD_32_64_BIT)";
				GCC_C_LANGUAGE_STANDARD = c99;
				GCC_OPTIMIZATION_LEVEL = 0;
				GCC_WARN_ABOUT_RETURN_TYPE = YES;
				GCC_WARN_UNUSED_VARIABLE = YES;
				ONLY_ACTIVE_ARCH = YES;
				PREBINDING = YES;
				SDKROOT = "";
			};
			name = Debug;
		};
		1DEB91B308733DA50010E9CD /* Release */ = {
			isa = XCBuildConfiguration;
			buildSettings = {
				ARCHS = "$(ARCHS_STANDARD_32_BIT)";
				GCC_C_LANGUAGE_STANDARD = c99;
				GCC_WARN_ABOUT_RETURN_TYPE = YES;
				GCC_WARN_UNUSED_VARIABLE = YES;
				PREBINDING = NO;
				SDKROOT = "";
			};
			name = Release;
		};
		D0298A660F3FFBBE00EC8C01 /* Debug */ = {
			isa = XCBuildConfiguration;
			buildSettings = {
				ALWAYS_SEARCH_USER_PATHS = NO;
				ARCHS = "$(ARCHS_STANDARD_32_BIT)";
				COPY_PHASE_STRIP = NO;
				GCC_DYNAMIC_NO_PIC = NO;
				GCC_ENABLE_FIX_AND_CONTINUE = YES;
				GCC_ENABLE_OBJC_GC = unsupported;
				GCC_OPTIMIZATION_LEVEL = 0;
				GCC_PRECOMPILE_PREFIX_HEADER = YES;
				HEADER_SEARCH_PATHS = /usr/include/libxml2;
				OTHER_LDFLAGS = (
					"-framework",
					Foundation,
				);
				PREBINDING = NO;
				PRIVATE_HEADERS_FOLDER_PATH = /usr/local/include/HTTPRiot;
				PRODUCT_NAME = httpriot;
				PUBLIC_HEADERS_FOLDER_PATH = /usr/local/include/HTTPRiot;
				SDKROOT = "";
			};
			name = Debug;
		};
		D0298A670F3FFBBE00EC8C01 /* Release */ = {
			isa = XCBuildConfiguration;
			buildSettings = {
				ALWAYS_SEARCH_USER_PATHS = NO;
				ARCHS = "$(ARCHS_STANDARD_32_BIT)";
				COPY_PHASE_STRIP = YES;
				DEBUG_INFORMATION_FORMAT = "dwarf-with-dsym";
				GCC_ENABLE_FIX_AND_CONTINUE = NO;
				GCC_ENABLE_OBJC_GC = unsupported;
				GCC_PRECOMPILE_PREFIX_HEADER = YES;
				HEADER_SEARCH_PATHS = /usr/include/libxml2;
				OTHER_LDFLAGS = (
					"-framework",
					Foundation,
				);
				PREBINDING = NO;
				PRIVATE_HEADERS_FOLDER_PATH = /usr/local/include/HTTPRiot;
				PRODUCT_NAME = httpriot;
				PUBLIC_HEADERS_FOLDER_PATH = /usr/local/include/HTTPRiot;
				SDKROOT = "";
				SKIP_INSTALL = NO;
				ZERO_LINK = NO;
			};
			name = Release;
		};
		D09E4A190F339D7900C9E26E /* Debug */ = {
			isa = XCBuildConfiguration;
			buildSettings = {
				ALWAYS_SEARCH_USER_PATHS = NO;
				COPY_PHASE_STRIP = NO;
				FRAMEWORK_SEARCH_PATHS = "$(DEVELOPER_LIBRARY_DIR)/Frameworks";
				GCC_DYNAMIC_NO_PIC = NO;
				GCC_ENABLE_FIX_AND_CONTINUE = NO;
				GCC_ENABLE_OBJC_EXCEPTIONS = YES;
				GCC_MODEL_TUNING = G5;
				GCC_OPTIMIZATION_LEVEL = 0;
				GCC_PRECOMPILE_PREFIX_HEADER = YES;
				GCC_PREFIX_HEADER = "$(SYSTEM_LIBRARY_DIR)/Frameworks/Cocoa.framework/Headers/Cocoa.h";
				INFOPLIST_FILE = "UnitTests-Info.plist";
				INSTALL_PATH = "$(USER_LIBRARY_DIR)/Bundles";
				OTHER_LDFLAGS = (
					"-framework",
					Cocoa,
					"-framework",
					SenTestingKit,
				);
				PREBINDING = NO;
				PRODUCT_NAME = UnitTests;
				WRAPPER_EXTENSION = octest;
			};
			name = Debug;
		};
		D09E4A1A0F339D7900C9E26E /* Release */ = {
			isa = XCBuildConfiguration;
			buildSettings = {
				ALWAYS_SEARCH_USER_PATHS = NO;
				COPY_PHASE_STRIP = YES;
				DEBUG_INFORMATION_FORMAT = "dwarf-with-dsym";
				FRAMEWORK_SEARCH_PATHS = "$(DEVELOPER_LIBRARY_DIR)/Frameworks";
				GCC_ENABLE_FIX_AND_CONTINUE = NO;
				GCC_ENABLE_OBJC_EXCEPTIONS = YES;
				GCC_MODEL_TUNING = G5;
				GCC_PRECOMPILE_PREFIX_HEADER = YES;
				GCC_PREFIX_HEADER = "$(SYSTEM_LIBRARY_DIR)/Frameworks/Cocoa.framework/Headers/Cocoa.h";
				INFOPLIST_FILE = "UnitTests-Info.plist";
				INSTALL_PATH = "$(USER_LIBRARY_DIR)/Bundles";
				OTHER_LDFLAGS = (
					"-framework",
					Cocoa,
					"-framework",
					SenTestingKit,
				);
				PREBINDING = NO;
				PRODUCT_NAME = UnitTests;
				WRAPPER_EXTENSION = octest;
				ZERO_LINK = NO;
			};
			name = Release;
		};
		D09E4AAD0F33CB8000C9E26E /* Debug */ = {
			isa = XCBuildConfiguration;
			buildSettings = {
				ALWAYS_SEARCH_USER_PATHS = NO;
				COPY_PHASE_STRIP = NO;
				GCC_DYNAMIC_NO_PIC = NO;
				GCC_ENABLE_FIX_AND_CONTINUE = YES;
				GCC_MODEL_TUNING = G5;
				GCC_OPTIMIZATION_LEVEL = 0;
				GCC_PRECOMPILE_PREFIX_HEADER = YES;
				GCC_PREFIX_HEADER = "$(SYSTEM_LIBRARY_DIR)/Frameworks/AppKit.framework/Headers/AppKit.h";
				INFOPLIST_FILE = "SampleApp-Info.plist";
				INSTALL_PATH = "$(HOME)/Applications";
				OTHER_LDFLAGS = (
					"-framework",
					Foundation,
					"-framework",
					AppKit,
				);
				PREBINDING = NO;
				PRODUCT_NAME = SampleApp;
			};
			name = Debug;
		};
		D09E4AAE0F33CB8000C9E26E /* Release */ = {
			isa = XCBuildConfiguration;
			buildSettings = {
				ALWAYS_SEARCH_USER_PATHS = NO;
				COPY_PHASE_STRIP = YES;
				DEBUG_INFORMATION_FORMAT = "dwarf-with-dsym";
				GCC_ENABLE_FIX_AND_CONTINUE = NO;
				GCC_MODEL_TUNING = G5;
				GCC_PRECOMPILE_PREFIX_HEADER = YES;
				GCC_PREFIX_HEADER = "$(SYSTEM_LIBRARY_DIR)/Frameworks/AppKit.framework/Headers/AppKit.h";
				INFOPLIST_FILE = "SampleApp-Info.plist";
				INSTALL_PATH = "$(HOME)/Applications";
				OTHER_LDFLAGS = (
					"-framework",
					Foundation,
					"-framework",
					AppKit,
				);
				PREBINDING = NO;
				PRODUCT_NAME = SampleApp;
				ZERO_LINK = NO;
			};
			name = Release;
		};
		D0F4848B0F4CC03500160DD9 /* Debug */ = {
			isa = XCBuildConfiguration;
			buildSettings = {
				COPY_PHASE_STRIP = NO;
				GCC_DYNAMIC_NO_PIC = NO;
				GCC_OPTIMIZATION_LEVEL = 0;
				INFOPLIST_FILE = documentation.plist;
				PRODUCT_NAME = Documentation;
			};
			name = Debug;
		};
		D0F4848C0F4CC03500160DD9 /* Release */ = {
			isa = XCBuildConfiguration;
			buildSettings = {
				COPY_PHASE_STRIP = YES;
				DEBUG_INFORMATION_FORMAT = "dwarf-with-dsym";
				GCC_ENABLE_FIX_AND_CONTINUE = NO;
				INFOPLIST_FILE = documentation.plist;
				PRODUCT_NAME = Documentation;
				ZERO_LINK = NO;
			};
			name = Release;
		};
/* End XCBuildConfiguration section */

/* Begin XCConfigurationList section */
		1DEB91AD08733DA50010E9CD /* Build configuration list for PBXNativeTarget "HTTPRiot" */ = {
			isa = XCConfigurationList;
			buildConfigurations = (
				1DEB91AE08733DA50010E9CD /* Debug */,
				1DEB91AF08733DA50010E9CD /* Release */,
			);
			defaultConfigurationIsVisible = 0;
			defaultConfigurationName = Release;
		};
		1DEB91B108733DA50010E9CD /* Build configuration list for PBXProject "HTTPRiot" */ = {
			isa = XCConfigurationList;
			buildConfigurations = (
				1DEB91B208733DA50010E9CD /* Debug */,
				1DEB91B308733DA50010E9CD /* Release */,
			);
			defaultConfigurationIsVisible = 0;
			defaultConfigurationName = Release;
		};
		D0298A680F3FFBE600EC8C01 /* Build configuration list for PBXNativeTarget "libhttpriot" */ = {
			isa = XCConfigurationList;
			buildConfigurations = (
				D0298A660F3FFBBE00EC8C01 /* Debug */,
				D0298A670F3FFBBE00EC8C01 /* Release */,
			);
			defaultConfigurationIsVisible = 0;
			defaultConfigurationName = Release;
		};
		D09E4A1B0F339D7A00C9E26E /* Build configuration list for PBXNativeTarget "UnitTests" */ = {
			isa = XCConfigurationList;
			buildConfigurations = (
				D09E4A190F339D7900C9E26E /* Debug */,
				D09E4A1A0F339D7900C9E26E /* Release */,
			);
			defaultConfigurationIsVisible = 0;
			defaultConfigurationName = Release;
		};
		D09E4AAF0F33CB8000C9E26E /* Build configuration list for PBXNativeTarget "SampleApp" */ = {
			isa = XCConfigurationList;
			buildConfigurations = (
				D09E4AAD0F33CB8000C9E26E /* Debug */,
				D09E4AAE0F33CB8000C9E26E /* Release */,
			);
			defaultConfigurationIsVisible = 0;
			defaultConfigurationName = Release;
		};
		D0F4848D0F4CC05300160DD9 /* Build configuration list for PBXAggregateTarget "Documentation" */ = {
			isa = XCConfigurationList;
			buildConfigurations = (
				D0F4848B0F4CC03500160DD9 /* Debug */,
				D0F4848C0F4CC03500160DD9 /* Release */,
			);
			defaultConfigurationIsVisible = 0;
			defaultConfigurationName = Release;
		};
/* End XCConfigurationList section */
	};
	rootObject = 0867D690FE84028FC02AAC07 /* Project object */;
}
